
Microsoft Visual Studio Solution File, Format Version 12.00
# Visual Studio 15
VisualStudioVersion = 15.0.27703.2026
MinimumVisualStudioVersion = 10.0.40219.1
Project("{FAE04EC0-301F-11D3-BF4B-00C04F79EFBC}") = "Beisbol", "Beisbol\Beisbol.csproj", "{B48A1449-8DEF-4093-AABA-B1685F46708D}"
EndProject
Global
	GlobalSection(SolutionConfigurationPlatforms) = preSolution
		Debug|Any CPU = Debug|Any CPU
		Release|Any CPU = Release|Any CPU
	EndGlobalSection
	GlobalSection(ProjectConfigurationPlatforms) = postSolution
		{B48A1449-8DEF-4093-AABA-B1685F46708D}.Debug|Any CPU.ActiveCfg = Debug|Any CPU
		{B48A1449-8DEF-4093-AABA-B1685F46708D}.Debug|Any CPU.Build.0 = Debug|Any CPU
		{B48A1449-8DEF-4093-AABA-B1685F46708D}.Release|Any CPU.ActiveCfg = Release|Any CPU
		{B48A1449-8DEF-4093-AABA-B1685F46708D}.Release|Any CPU.Build.0 = Release|Any CPU
	EndGlobalSection
	GlobalSection(SolutionProperties) = preSolution
		HideSolutionNode = FALSE
	EndGlobalSection
	GlobalSection(ExtensibilityGlobals) = postSolution
		SolutionGuid = {DF4825EC-2360-4793-8771-D03323EF9EF6}
	EndGlobalSection
EndGlobal
